
Microsoft Visual Studio Solution File, Format Version 12.00
# Visual Studio Version 17
VisualStudioVersion = 17.5.33424.131
MinimumVisualStudioVersion = 10.0.40219.1
Project("{9A19103F-16F7-4668-BE54-9A1E7A4F7556}") = "Project.Entity", "Project.Entity\Project.Entity.csproj", "{0F1FF9E7-B134-45E8-ABDD-F300BEB0AB86}"
EndProject
Project("{FAE04EC0-301F-11D3-BF4B-00C04F79EFBC}") = "Porject.DAL", "Porject.DAL\Porject.DAL.csproj", "{16FB2820-8B5D-4EA6-8971-7A3C36865C80}"
EndProject
Global
	GlobalSection(SolutionConfigurationPlatforms) = preSolution
		Debug|Any CPU = Debug|Any CPU
		Release|Any CPU = Release|Any CPU
	EndGlobalSection
	GlobalSection(ProjectConfigurationPlatforms) = postSolution
		{0F1FF9E7-B134-45E8-ABDD-F300BEB0AB86}.Debug|Any CPU.ActiveCfg = Debug|Any CPU
		{0F1FF9E7-B134-45E8-ABDD-F300BEB0AB86}.Debug|Any CPU.Build.0 = Debug|Any CPU
		{0F1FF9E7-B134-45E8-ABDD-F300BEB0AB86}.Release|Any CPU.ActiveCfg = Release|Any CPU
		{0F1FF9E7-B134-45E8-ABDD-F300BEB0AB86}.Release|Any CPU.Build.0 = Release|Any CPU
		{16FB2820-8B5D-4EA6-8971-7A3C36865C80}.Debug|Any CPU.ActiveCfg = Debug|Any CPU
		{16FB2820-8B5D-4EA6-8971-7A3C36865C80}.Debug|Any CPU.Build.0 = Debug|Any CPU
		{16FB2820-8B5D-4EA6-8971-7A3C36865C80}.Release|Any CPU.ActiveCfg = Release|Any CPU
		{16FB2820-8B5D-4EA6-8971-7A3C36865C80}.Release|Any CPU.Build.0 = Release|Any CPU
	EndGlobalSection
	GlobalSection(SolutionProperties) = preSolution
		HideSolutionNode = FALSE
	EndGlobalSection
	GlobalSection(ExtensibilityGlobals) = postSolution
		SolutionGuid = {E5BF1871-5EBC-498B-9FC0-514CFAC69DCC}
	EndGlobalSection
EndGlobal
