
Microsoft Visual Studio Solution File, Format Version 12.00
# Visual Studio Version 17
VisualStudioVersion = 17.5.33424.131
MinimumVisualStudioVersion = 10.0.40219.1
Project("{9A19103F-16F7-4668-BE54-9A1E7A4F7556}") = "Project.Entity", "Project.Entity\Project.Entity.csproj", "{0F1FF9E7-B134-45E8-ABDD-F300BEB0AB86}"
EndProject
Project("{9A19103F-16F7-4668-BE54-9A1E7A4F7556}") = "Project.BLL", "Project.BLL\Project.BLL.csproj", "{0C0E58FD-0415-4B77-82FB-EB3125C5E1CD}"
EndProject
Project("{9A19103F-16F7-4668-BE54-9A1E7A4F7556}") = "Project.DAL", "Project.DAL\Project.DAL.csproj", "{1AC5BA51-7CED-4868-89F4-87658C9B7972}"
EndProject
Project("{FAE04EC0-301F-11D3-BF4B-00C04F79EFBC}") = "Porject.TestConsole", "Porject.TestConsole\Porject.TestConsole.csproj", "{A83ACE90-E31E-4EC1-8322-1EB0D18566E4}"
EndProject
Project("{FAE04EC0-301F-11D3-BF4B-00C04F79EFBC}") = "Project.MVC", "Project.MVC\Project.MVC.csproj", "{F325D8C6-A897-4C00-8250-C598633925F7}"
EndProject
Global
	GlobalSection(SolutionConfigurationPlatforms) = preSolution
		Debug|Any CPU = Debug|Any CPU
		Release|Any CPU = Release|Any CPU
	EndGlobalSection
	GlobalSection(ProjectConfigurationPlatforms) = postSolution
		{0F1FF9E7-B134-45E8-ABDD-F300BEB0AB86}.Debug|Any CPU.ActiveCfg = Debug|Any CPU
		{0F1FF9E7-B134-45E8-ABDD-F300BEB0AB86}.Debug|Any CPU.Build.0 = Debug|Any CPU
		{0F1FF9E7-B134-45E8-ABDD-F300BEB0AB86}.Release|Any CPU.ActiveCfg = Release|Any CPU
		{0F1FF9E7-B134-45E8-ABDD-F300BEB0AB86}.Release|Any CPU.Build.0 = Release|Any CPU
		{0C0E58FD-0415-4B77-82FB-EB3125C5E1CD}.Debug|Any CPU.ActiveCfg = Debug|Any CPU
		{0C0E58FD-0415-4B77-82FB-EB3125C5E1CD}.Debug|Any CPU.Build.0 = Debug|Any CPU
		{0C0E58FD-0415-4B77-82FB-EB3125C5E1CD}.Release|Any CPU.ActiveCfg = Release|Any CPU
		{0C0E58FD-0415-4B77-82FB-EB3125C5E1CD}.Release|Any CPU.Build.0 = Release|Any CPU
		{1AC5BA51-7CED-4868-89F4-87658C9B7972}.Debug|Any CPU.ActiveCfg = Debug|Any CPU
		{1AC5BA51-7CED-4868-89F4-87658C9B7972}.Debug|Any CPU.Build.0 = Debug|Any CPU
		{1AC5BA51-7CED-4868-89F4-87658C9B7972}.Release|Any CPU.ActiveCfg = Release|Any CPU
		{1AC5BA51-7CED-4868-89F4-87658C9B7972}.Release|Any CPU.Build.0 = Release|Any CPU
		{A83ACE90-E31E-4EC1-8322-1EB0D18566E4}.Debug|Any CPU.ActiveCfg = Debug|Any CPU
		{A83ACE90-E31E-4EC1-8322-1EB0D18566E4}.Debug|Any CPU.Build.0 = Debug|Any CPU
		{A83ACE90-E31E-4EC1-8322-1EB0D18566E4}.Release|Any CPU.ActiveCfg = Release|Any CPU
		{A83ACE90-E31E-4EC1-8322-1EB0D18566E4}.Release|Any CPU.Build.0 = Release|Any CPU
		{F325D8C6-A897-4C00-8250-C598633925F7}.Debug|Any CPU.ActiveCfg = Debug|Any CPU
		{F325D8C6-A897-4C00-8250-C598633925F7}.Debug|Any CPU.Build.0 = Debug|Any CPU
		{F325D8C6-A897-4C00-8250-C598633925F7}.Release|Any CPU.ActiveCfg = Release|Any CPU
		{F325D8C6-A897-4C00-8250-C598633925F7}.Release|Any CPU.Build.0 = Release|Any CPU
	EndGlobalSection
	GlobalSection(SolutionProperties) = preSolution
		HideSolutionNode = FALSE
	EndGlobalSection
	GlobalSection(ExtensibilityGlobals) = postSolution
		SolutionGuid = {E5BF1871-5EBC-498B-9FC0-514CFAC69DCC}
	EndGlobalSection
EndGlobal
